
Microsoft Visual Studio Solution File, Format Version 12.00
# Visual Studio Version 17
VisualStudioVersion = 17.13.35919.96 d17.13
MinimumVisualStudioVersion = 10.0.40219.1
Project("{FAE04EC0-301F-11D3-BF4B-00C04F79EFBC}") = "KenSoftware2Program", "KenSoftware2Program\KenSoftware2Program.csproj", "{E88E71F2-04FC-4AE0-B938-67FB2F24E08C}"
EndProject
Global
	GlobalSection(SolutionConfigurationPlatforms) = preSolution
		Debug|Any CPU = Debug|Any CPU
		Release|Any CPU = Release|Any CPU
	EndGlobalSection
	GlobalSection(ProjectConfigurationPlatforms) = postSolution
		{E88E71F2-04FC-4AE0-B938-67FB2F24E08C}.Debug|Any CPU.ActiveCfg = Debug|Any CPU
		{E88E71F2-04FC-4AE0-B938-67FB2F24E08C}.Debug|Any CPU.Build.0 = Debug|Any CPU
		{E88E71F2-04FC-4AE0-B938-67FB2F24E08C}.Release|Any CPU.ActiveCfg = Release|Any CPU
		{E88E71F2-04FC-4AE0-B938-67FB2F24E08C}.Release|Any CPU.Build.0 = Release|Any CPU
	EndGlobalSection
	GlobalSection(SolutionProperties) = preSolution
		HideSolutionNode = FALSE
	EndGlobalSection
	GlobalSection(ExtensibilityGlobals) = postSolution
		SolutionGuid = {195EAA8E-FA93-4614-BDFA-B9C120626BCE}
	EndGlobalSection
EndGlobal
